
Microsoft Visual Studio Solution File, Format Version 12.00
# Visual Studio Version 17
VisualStudioVersion = 17.14.36518.9 d17.14
MinimumVisualStudioVersion = 10.0.40219.1
Project("{8BC9CEB8-8B4A-11D0-8D11-00A0C91BC942}") = "GoogleTestProject2", "GoogleTestProject2\GoogleTestProject2.vcxproj", "{97ED67E3-192F-4610-985F-2545874B53E2}"
EndProject
Project("{8BC9CEB8-8B4A-11D0-8D11-00A0C91BC942}") = "MyMathLib", "MyMathLib\MyMathLib.vcxproj", "{72A8DF02-AC4E-4100-B6D0-B412B3F3968D}"
EndProject
Global
	GlobalSection(SolutionConfigurationPlatforms) = preSolution
		Debug|x64 = Debug|x64
		Debug|x86 = Debug|x86
		Release|x64 = Release|x64
		Release|x86 = Release|x86
	EndGlobalSection
	GlobalSection(ProjectConfigurationPlatforms) = postSolution
		{97ED67E3-192F-4610-985F-2545874B53E2}.Debug|x64.ActiveCfg = Debug|x64
		{97ED67E3-192F-4610-985F-2545874B53E2}.Debug|x64.Build.0 = Debug|x64
		{97ED67E3-192F-4610-985F-2545874B53E2}.Debug|x86.ActiveCfg = Debug|Win32
		{97ED67E3-192F-4610-985F-2545874B53E2}.Debug|x86.Build.0 = Debug|Win32
		{97ED67E3-192F-4610-985F-2545874B53E2}.Release|x64.ActiveCfg = Release|x64
		{97ED67E3-192F-4610-985F-2545874B53E2}.Release|x64.Build.0 = Release|x64
		{97ED67E3-192F-4610-985F-2545874B53E2}.Release|x86.ActiveCfg = Release|Win32
		{97ED67E3-192F-4610-985F-2545874B53E2}.Release|x86.Build.0 = Release|Win32
		{72A8DF02-AC4E-4100-B6D0-B412B3F3968D}.Debug|x64.ActiveCfg = Debug|x64
		{72A8DF02-AC4E-4100-B6D0-B412B3F3968D}.Debug|x64.Build.0 = Debug|x64
		{72A8DF02-AC4E-4100-B6D0-B412B3F3968D}.Debug|x86.ActiveCfg = Debug|Win32
		{72A8DF02-AC4E-4100-B6D0-B412B3F3968D}.Debug|x86.Build.0 = Debug|Win32
		{72A8DF02-AC4E-4100-B6D0-B412B3F3968D}.Release|x64.ActiveCfg = Release|x64
		{72A8DF02-AC4E-4100-B6D0-B412B3F3968D}.Release|x64.Build.0 = Release|x64
		{72A8DF02-AC4E-4100-B6D0-B412B3F3968D}.Release|x86.ActiveCfg = Release|Win32
		{72A8DF02-AC4E-4100-B6D0-B412B3F3968D}.Release|x86.Build.0 = Release|Win32
	EndGlobalSection
	GlobalSection(SolutionProperties) = preSolution
		HideSolutionNode = FALSE
	EndGlobalSection
	GlobalSection(ExtensibilityGlobals) = postSolution
		SolutionGuid = {E928709D-A639-487D-84E2-F730A22D119D}
	EndGlobalSection
EndGlobal
